
Microsoft Visual Studio Solution File, Format Version 12.00
# Visual Studio 2013
VisualStudioVersion = 12.0.30723.0
MinimumVisualStudioVersion = 10.0.40219.1
Project("{FAE04EC0-301F-11D3-BF4B-00C04F79EFBC}") = "RedditSearch", "RedditSearch\RedditSearch.csproj", "{DA6A00D1-EC9E-4B95-BF6D-3CD6AFE1BA5C}"
EndProject
Global
	GlobalSection(SolutionConfigurationPlatforms) = preSolution
		Debug|Any CPU = Debug|Any CPU
		Release|Any CPU = Release|Any CPU
	EndGlobalSection
	GlobalSection(ProjectConfigurationPlatforms) = postSolution
		{DA6A00D1-EC9E-4B95-BF6D-3CD6AFE1BA5C}.Debug|Any CPU.ActiveCfg = Debug|Any CPU
		{DA6A00D1-EC9E-4B95-BF6D-3CD6AFE1BA5C}.Debug|Any CPU.Build.0 = Debug|Any CPU
		{DA6A00D1-EC9E-4B95-BF6D-3CD6AFE1BA5C}.Release|Any CPU.ActiveCfg = Release|Any CPU
		{DA6A00D1-EC9E-4B95-BF6D-3CD6AFE1BA5C}.Release|Any CPU.Build.0 = Release|Any CPU
	EndGlobalSection
	GlobalSection(SolutionProperties) = preSolution
		HideSolutionNode = FALSE
	EndGlobalSection
EndGlobal
